
Microsoft Visual Studio Solution File, Format Version 12.00
# Visual Studio Version 16
VisualStudioVersion = 16.0.29519.181
MinimumVisualStudioVersion = 10.0.40219.1
Project("{9A19103F-16F7-4668-BE54-9A1E7A4F7556}") = "MicroService", "MicroService.csproj", "{EE33B0B0-D5F1-4A8D-8138-7CA6C9618444}"
EndProject
Global
	GlobalSection(SolutionConfigurationPlatforms) = preSolution
		Debug|Any CPU = Debug|Any CPU
		Release|Any CPU = Release|Any CPU
	EndGlobalSection
	GlobalSection(ProjectConfigurationPlatforms) = postSolution
		{EE33B0B0-D5F1-4A8D-8138-7CA6C9618444}.Debug|Any CPU.ActiveCfg = Debug|Any CPU
		{EE33B0B0-D5F1-4A8D-8138-7CA6C9618444}.Debug|Any CPU.Build.0 = Debug|Any CPU
		{EE33B0B0-D5F1-4A8D-8138-7CA6C9618444}.Release|Any CPU.ActiveCfg = Release|Any CPU
		{EE33B0B0-D5F1-4A8D-8138-7CA6C9618444}.Release|Any CPU.Build.0 = Release|Any CPU
	EndGlobalSection
	GlobalSection(SolutionProperties) = preSolution
		HideSolutionNode = FALSE
	EndGlobalSection
	GlobalSection(ExtensibilityGlobals) = postSolution
		SolutionGuid = {DD3DB313-E13F-47D7-B849-A067F546646B}
	EndGlobalSection
EndGlobal
