
Microsoft Visual Studio Solution File, Format Version 12.00
# Visual Studio Version 16
VisualStudioVersion = 16.0.29609.76
MinimumVisualStudioVersion = 10.0.40219.1
Project("{9A19103F-16F7-4668-BE54-9A1E7A4F7556}") = "ConsoleClient", "ConsoleClient\ConsoleClient.csproj", "{F6B146CA-3BFA-4E15-9821-87A76B8668D6}"
EndProject
Project("{9A19103F-16F7-4668-BE54-9A1E7A4F7556}") = "MicroService", "MicroService\MicroService.csproj", "{E4FA9886-BE07-45CA-B1B2-8AC735E9C65C}"
EndProject
Global
	GlobalSection(SolutionConfigurationPlatforms) = preSolution
		Debug|Any CPU = Debug|Any CPU
		Release|Any CPU = Release|Any CPU
	EndGlobalSection
	GlobalSection(ProjectConfigurationPlatforms) = postSolution
		{F6B146CA-3BFA-4E15-9821-87A76B8668D6}.Debug|Any CPU.ActiveCfg = Debug|Any CPU
		{F6B146CA-3BFA-4E15-9821-87A76B8668D6}.Debug|Any CPU.Build.0 = Debug|Any CPU
		{F6B146CA-3BFA-4E15-9821-87A76B8668D6}.Release|Any CPU.ActiveCfg = Release|Any CPU
		{F6B146CA-3BFA-4E15-9821-87A76B8668D6}.Release|Any CPU.Build.0 = Release|Any CPU
		{E4FA9886-BE07-45CA-B1B2-8AC735E9C65C}.Debug|Any CPU.ActiveCfg = Debug|Any CPU
		{E4FA9886-BE07-45CA-B1B2-8AC735E9C65C}.Debug|Any CPU.Build.0 = Debug|Any CPU
		{E4FA9886-BE07-45CA-B1B2-8AC735E9C65C}.Release|Any CPU.ActiveCfg = Release|Any CPU
		{E4FA9886-BE07-45CA-B1B2-8AC735E9C65C}.Release|Any CPU.Build.0 = Release|Any CPU
	EndGlobalSection
	GlobalSection(SolutionProperties) = preSolution
		HideSolutionNode = FALSE
	EndGlobalSection
	GlobalSection(ExtensibilityGlobals) = postSolution
		SolutionGuid = {2C4628B9-941D-47D8-BEEC-500B210D1545}
	EndGlobalSection
EndGlobal
